// !$*UTF8*$!
{
	archiveVersion = 1;
	classes = {
	};
	objectVersion = 50;
	objects = {

/* Begin PBXBuildFile section */
		07473AB520852F6700F2BB31 /* ResultViewController.swift in Sources */ = {isa = PBXBuildFile; fileRef = 07473AB420852F6700F2BB31 /* ResultViewController.swift */; };
		07473AB720856A9800F2BB31 /* SearchPlaces.swift in Sources */ = {isa = PBXBuildFile; fileRef = 07473AB620856A9800F2BB31 /* SearchPlaces.swift */; };
		076E82B92083045100579A65 /* SearchViewController.swift in Sources */ = {isa = PBXBuildFile; fileRef = 076E82B82083045100579A65 /* SearchViewController.swift */; };
		076E82BB2083046300579A65 /* FavoriteViewController.swift in Sources */ = {isa = PBXBuildFile; fileRef = 076E82BA2083046300579A65 /* FavoriteViewController.swift */; };
		07EBF3A52082E6A500B93EC1 /* AppDelegate.swift in Sources */ = {isa = PBXBuildFile; fileRef = 07EBF3A42082E6A500B93EC1 /* AppDelegate.swift */; };
		07EBF3A72082E6A500B93EC1 /* MasterViewController.swift in Sources */ = {isa = PBXBuildFile; fileRef = 07EBF3A62082E6A500B93EC1 /* MasterViewController.swift */; };
		07EBF3AA2082E6A500B93EC1 /* Main.storyboard in Resources */ = {isa = PBXBuildFile; fileRef = 07EBF3A82082E6A500B93EC1 /* Main.storyboard */; };
		07EBF3AC2082E6A600B93EC1 /* Assets.xcassets in Resources */ = {isa = PBXBuildFile; fileRef = 07EBF3AB2082E6A600B93EC1 /* Assets.xcassets */; };
		07EBF3AF2082E6A600B93EC1 /* LaunchScreen.storyboard in Resources */ = {isa = PBXBuildFile; fileRef = 07EBF3AD2082E6A600B93EC1 /* LaunchScreen.storyboard */; };
		BD390E826295E936CAA7B255 /* Pods_Place_Finder.framework in Frameworks */ = {isa = PBXBuildFile; fileRef = 5D74FD3F0DAF012720510525 /* Pods_Place_Finder.framework */; };
/* End PBXBuildFile section */

/* Begin PBXFileReference section */
		07473AB420852F6700F2BB31 /* ResultViewController.swift */ = {isa = PBXFileReference; lastKnownFileType = sourcecode.swift; path = ResultViewController.swift; sourceTree = "<group>"; };
		07473AB620856A9800F2BB31 /* SearchPlaces.swift */ = {isa = PBXFileReference; lastKnownFileType = sourcecode.swift; path = SearchPlaces.swift; sourceTree = "<group>"; };
		076E82B82083045100579A65 /* SearchViewController.swift */ = {isa = PBXFileReference; lastKnownFileType = sourcecode.swift; path = SearchViewController.swift; sourceTree = "<group>"; };
		076E82BA2083046300579A65 /* FavoriteViewController.swift */ = {isa = PBXFileReference; lastKnownFileType = sourcecode.swift; path = FavoriteViewController.swift; sourceTree = "<group>"; };
		07EBF3A12082E6A500B93EC1 /* Place Finder.app */ = {isa = PBXFileReference; explicitFileType = wrapper.application; includeInIndex = 0; path = "Place Finder.app"; sourceTree = BUILT_PRODUCTS_DIR; };
		07EBF3A42082E6A500B93EC1 /* AppDelegate.swift */ = {isa = PBXFileReference; lastKnownFileType = sourcecode.swift; path = AppDelegate.swift; sourceTree = "<group>"; };
		07EBF3A62082E6A500B93EC1 /* MasterViewController.swift */ = {isa = PBXFileReference; lastKnownFileType = sourcecode.swift; path = MasterViewController.swift; sourceTree = "<group>"; };
		07EBF3A92082E6A500B93EC1 /* Base */ = {isa = PBXFileReference; lastKnownFileType = file.storyboard; name = Base; path = Base.lproj/Main.storyboard; sourceTree = "<group>"; };
		07EBF3AB2082E6A600B93EC1 /* Assets.xcassets */ = {isa = PBXFileReference; lastKnownFileType = folder.assetcatalog; path = Assets.xcassets; sourceTree = "<group>"; };
		07EBF3AE2082E6A600B93EC1 /* Base */ = {isa = PBXFileReference; lastKnownFileType = file.storyboard; name = Base; path = Base.lproj/LaunchScreen.storyboard; sourceTree = "<group>"; };
		07EBF3B02082E6A600B93EC1 /* Info.plist */ = {isa = PBXFileReference; lastKnownFileType = text.plist.xml; path = Info.plist; sourceTree = "<group>"; };
		47C00095ECF7ADE0BB95A2BF /* Pods-Place Finder.debug.xcconfig */ = {isa = PBXFileReference; includeInIndex = 1; lastKnownFileType = text.xcconfig; name = "Pods-Place Finder.debug.xcconfig"; path = "Pods/Target Support Files/Pods-Place Finder/Pods-Place Finder.debug.xcconfig"; sourceTree = "<group>"; };
		5D74FD3F0DAF012720510525 /* Pods_Place_Finder.framework */ = {isa = PBXFileReference; explicitFileType = wrapper.framework; includeInIndex = 0; path = Pods_Place_Finder.framework; sourceTree = BUILT_PRODUCTS_DIR; };
		EE783C65EAA5A4CC5912FFF0 /* Pods-Place Finder.release.xcconfig */ = {isa = PBXFileReference; includeInIndex = 1; lastKnownFileType = text.xcconfig; name = "Pods-Place Finder.release.xcconfig"; path = "Pods/Target Support Files/Pods-Place Finder/Pods-Place Finder.release.xcconfig"; sourceTree = "<group>"; };
/* End PBXFileReference section */

/* Begin PBXFrameworksBuildPhase section */
		07EBF39E2082E6A500B93EC1 /* Frameworks */ = {
			isa = PBXFrameworksBuildPhase;
			buildActionMask = 2147483647;
			files = (
				BD390E826295E936CAA7B255 /* Pods_Place_Finder.framework in Frameworks */,
			);
			runOnlyForDeploymentPostprocessing = 0;
		};
/* End PBXFrameworksBuildPhase section */

/* Begin PBXGroup section */
		07EBF3982082E6A500B93EC1 = {
			isa = PBXGroup;
			children = (
				07EBF3A32082E6A500B93EC1 /* Place Finder */,
				07EBF3A22082E6A500B93EC1 /* Products */,
				A963E8197F13084509B33C98 /* Pods */,
				3DD1B5BCEC2B767D63535A10 /* Frameworks */,
			);
			sourceTree = "<group>";
		};
		07EBF3A22082E6A500B93EC1 /* Products */ = {
			isa = PBXGroup;
			children = (
				07EBF3A12082E6A500B93EC1 /* Place Finder.app */,
			);
			name = Products;
			sourceTree = "<group>";
		};
		07EBF3A32082E6A500B93EC1 /* Place Finder */ = {
			isa = PBXGroup;
			children = (
				07EBF3BB2082E72000B93EC1 /* Supporting Files */,
				07EBF3BA2082E71400B93EC1 /* Controller */,
				07EBF3B92082E70A00B93EC1 /* View */,
				07EBF3B82082E6FD00B93EC1 /* Model */,
				07EBF3AB2082E6A600B93EC1 /* Assets.xcassets */,
				07EBF3AD2082E6A600B93EC1 /* LaunchScreen.storyboard */,
			);
			path = "Place Finder";
			sourceTree = "<group>";
		};
		07EBF3B82082E6FD00B93EC1 /* Model */ = {
			isa = PBXGroup;
			children = (
				07473AB620856A9800F2BB31 /* SearchPlaces.swift */,
			);
			path = Model;
			sourceTree = "<group>";
		};
		07EBF3B92082E70A00B93EC1 /* View */ = {
			isa = PBXGroup;
			children = (
				07EBF3A82082E6A500B93EC1 /* Main.storyboard */,
			);
			path = View;
			sourceTree = "<group>";
		};
		07EBF3BA2082E71400B93EC1 /* Controller */ = {
			isa = PBXGroup;
			children = (
				07EBF3A42082E6A500B93EC1 /* AppDelegate.swift */,
				07EBF3A62082E6A500B93EC1 /* MasterViewController.swift */,
				076E82B82083045100579A65 /* SearchViewController.swift */,
				076E82BA2083046300579A65 /* FavoriteViewController.swift */,
				07473AB420852F6700F2BB31 /* ResultViewController.swift */,
			);
			path = Controller;
			sourceTree = "<group>";
		};
		07EBF3BB2082E72000B93EC1 /* Supporting Files */ = {
			isa = PBXGroup;
			children = (
				07EBF3B02082E6A600B93EC1 /* Info.plist */,
			);
			path = "Supporting Files";
			sourceTree = "<group>";
		};
		3DD1B5BCEC2B767D63535A10 /* Frameworks */ = {
			isa = PBXGroup;
			children = (
				5D74FD3F0DAF012720510525 /* Pods_Place_Finder.framework */,
			);
			name = Frameworks;
			sourceTree = "<group>";
		};
		A963E8197F13084509B33C98 /* Pods */ = {
			isa = PBXGroup;
			children = (
				47C00095ECF7ADE0BB95A2BF /* Pods-Place Finder.debug.xcconfig */,
				EE783C65EAA5A4CC5912FFF0 /* Pods-Place Finder.release.xcconfig */,
			);
			name = Pods;
			sourceTree = "<group>";
		};
/* End PBXGroup section */

/* Begin PBXNativeTarget section */
		07EBF3A02082E6A500B93EC1 /* Place Finder */ = {
			isa = PBXNativeTarget;
			buildConfigurationList = 07EBF3B32082E6A600B93EC1 /* Build configuration list for PBXNativeTarget "Place Finder" */;
			buildPhases = (
				11753D8D58778DF3B47D8F56 /* [CP] Check Pods Manifest.lock */,
				07EBF39D2082E6A500B93EC1 /* Sources */,
				07EBF39E2082E6A500B93EC1 /* Frameworks */,
				07EBF39F2082E6A500B93EC1 /* Resources */,
				E93548D4415E7A189402ADE5 /* [CP] Embed Pods Frameworks */,
				3740458B580A9CFFC5A97F10 /* [CP] Copy Pods Resources */,
			);
			buildRules = (
			);
			dependencies = (
			);
			name = "Place Finder";
			productName = "Place Finder";
			productReference = 07EBF3A12082E6A500B93EC1 /* Place Finder.app */;
			productType = "com.apple.product-type.application";
		};
/* End PBXNativeTarget section */

/* Begin PBXProject section */
		07EBF3992082E6A500B93EC1 /* Project object */ = {
			isa = PBXProject;
			attributes = {
				LastSwiftUpdateCheck = 0930;
				LastUpgradeCheck = 0930;
				ORGANIZATIONNAME = "Hsieh Shang-Fu";
				TargetAttributes = {
					07EBF3A02082E6A500B93EC1 = {
						CreatedOnToolsVersion = 9.3;
					};
				};
			};
			buildConfigurationList = 07EBF39C2082E6A500B93EC1 /* Build configuration list for PBXProject "Place Finder" */;
			compatibilityVersion = "Xcode 9.3";
			developmentRegion = en;
			hasScannedForEncodings = 0;
			knownRegions = (
				en,
				Base,
			);
			mainGroup = 07EBF3982082E6A500B93EC1;
			productRefGroup = 07EBF3A22082E6A500B93EC1 /* Products */;
			projectDirPath = "";
			projectRoot = "";
			targets = (
				07EBF3A02082E6A500B93EC1 /* Place Finder */,
			);
		};
/* End PBXProject section */

/* Begin PBXResourcesBuildPhase section */
		07EBF39F2082E6A500B93EC1 /* Resources */ = {
			isa = PBXResourcesBuildPhase;
			buildActionMask = 2147483647;
			files = (
				07EBF3AF2082E6A600B93EC1 /* LaunchScreen.storyboard in Resources */,
				07EBF3AC2082E6A600B93EC1 /* Assets.xcassets in Resources */,
				07EBF3AA2082E6A500B93EC1 /* Main.storyboard in Resources */,
			);
			runOnlyForDeploymentPostprocessing = 0;
		};
/* End PBXResourcesBuildPhase section */

/* Begin PBXShellScriptBuildPhase section */
		11753D8D58778DF3B47D8F56 /* [CP] Check Pods Manifest.lock */ = {
			isa = PBXShellScriptBuildPhase;
			buildActionMask = 2147483647;
			files = (
			);
			inputPaths = (
				"${PODS_PODFILE_DIR_PATH}/Podfile.lock",
				"${PODS_ROOT}/Manifest.lock",
			);
			name = "[CP] Check Pods Manifest.lock";
			outputPaths = (
				"$(DERIVED_FILE_DIR)/Pods-Place Finder-checkManifestLockResult.txt",
			);
			runOnlyForDeploymentPostprocessing = 0;
			shellPath = /bin/sh;
			shellScript = "diff \"${PODS_PODFILE_DIR_PATH}/Podfile.lock\" \"${PODS_ROOT}/Manifest.lock\" > /dev/null\nif [ $? != 0 ] ; then\n    # print error to STDERR\n    echo \"error: The sandbox is not in sync with the Podfile.lock. Run 'pod install' or update your CocoaPods installation.\" >&2\n    exit 1\nfi\n# This output is used by Xcode 'outputs' to avoid re-running this script phase.\necho \"SUCCESS\" > \"${SCRIPT_OUTPUT_FILE_0}\"\n";
			showEnvVarsInLog = 0;
		};
		3740458B580A9CFFC5A97F10 /* [CP] Copy Pods Resources */ = {
			isa = PBXShellScriptBuildPhase;
			buildActionMask = 2147483647;
			files = (
			);
			inputPaths = (
				"${SRCROOT}/Pods/Target Support Files/Pods-Place Finder/Pods-Place Finder-resources.sh",
				"${PODS_ROOT}/GoogleMaps/Maps/Frameworks/GoogleMaps.framework/Resources/GoogleMaps.bundle",
				"${PODS_ROOT}/GooglePlacePicker/Frameworks/GooglePlacePicker.framework/Resources/GooglePlacePicker.bundle",
				"${PODS_ROOT}/GooglePlaces/Frameworks/GooglePlaces.framework/Resources/GooglePlaces.bundle",
			);
			name = "[CP] Copy Pods Resources";
			outputPaths = (
				"${TARGET_BUILD_DIR}/${UNLOCALIZED_RESOURCES_FOLDER_PATH}/GoogleMaps.bundle",
				"${TARGET_BUILD_DIR}/${UNLOCALIZED_RESOURCES_FOLDER_PATH}/GooglePlacePicker.bundle",
				"${TARGET_BUILD_DIR}/${UNLOCALIZED_RESOURCES_FOLDER_PATH}/GooglePlaces.bundle",
			);
			runOnlyForDeploymentPostprocessing = 0;
			shellPath = /bin/sh;
			shellScript = "\"${SRCROOT}/Pods/Target Support Files/Pods-Place Finder/Pods-Place Finder-resources.sh\"\n";
			showEnvVarsInLog = 0;
		};
		E93548D4415E7A189402ADE5 /* [CP] Embed Pods Frameworks */ = {
			isa = PBXShellScriptBuildPhase;
			buildActionMask = 2147483647;
			files = (
			);
			inputPaths = (
				"${SRCROOT}/Pods/Target Support Files/Pods-Place Finder/Pods-Place Finder-frameworks.sh",
				"${BUILT_PRODUCTS_DIR}/Alamofire/Alamofire.framework",
				"${BUILT_PRODUCTS_DIR}/Cosmos/Cosmos.framework",
				"${BUILT_PRODUCTS_DIR}/EasyToast/EasyToast.framework",
				"${BUILT_PRODUCTS_DIR}/McPicker/McPicker.framework",
				"${BUILT_PRODUCTS_DIR}/SwiftSpinner/SwiftSpinner.framework",
				"${BUILT_PRODUCTS_DIR}/SwiftyJSON/SwiftyJSON.framework",
			);
			name = "[CP] Embed Pods Frameworks";
			outputPaths = (
				"${TARGET_BUILD_DIR}/${FRAMEWORKS_FOLDER_PATH}/Alamofire.framework",
				"${TARGET_BUILD_DIR}/${FRAMEWORKS_FOLDER_PATH}/Cosmos.framework",
				"${TARGET_BUILD_DIR}/${FRAMEWORKS_FOLDER_PATH}/EasyToast.framework",
				"${TARGET_BUILD_DIR}/${FRAMEWORKS_FOLDER_PATH}/McPicker.framework",
				"${TARGET_BUILD_DIR}/${FRAMEWORKS_FOLDER_PATH}/SwiftSpinner.framework",
				"${TARGET_BUILD_DIR}/${FRAMEWORKS_FOLDER_PATH}/SwiftyJSON.framework",
			);
			runOnlyForDeploymentPostprocessing = 0;
			shellPath = /bin/sh;
			shellScript = "\"${SRCROOT}/Pods/Target Support Files/Pods-Place Finder/Pods-Place Finder-frameworks.sh\"\n";
			showEnvVarsInLog = 0;
		};
/* End PBXShellScriptBuildPhase section */

/* Begin PBXSourcesBuildPhase section */
		07EBF39D2082E6A500B93EC1 /* Sources */ = {
			isa = PBXSourcesBuildPhase;
			buildActionMask = 2147483647;
			files = (
				07473AB520852F6700F2BB31 /* ResultViewController.swift in Sources */,
				076E82B92083045100579A65 /* SearchViewController.swift in Sources */,
				07EBF3A72082E6A500B93EC1 /* MasterViewController.swift in Sources */,
				076E82BB2083046300579A65 /* FavoriteViewController.swift in Sources */,
				07EBF3A52082E6A500B93EC1 /* AppDelegate.swift in Sources */,
				07473AB720856A9800F2BB31 /* SearchPlaces.swift in Sources */,
			);
			runOnlyForDeploymentPostprocessing = 0;
		};
/* End PBXSourcesBuildPhase section */

/* Begin PBXVariantGroup section */
		07EBF3A82082E6A500B93EC1 /* Main.storyboard */ = {
			isa = PBXVariantGroup;
			children = (
				07EBF3A92082E6A500B93EC1 /* Base */,
			);
			name = Main.storyboard;
			sourceTree = "<group>";
		};
		07EBF3AD2082E6A600B93EC1 /* LaunchScreen.storyboard */ = {
			isa = PBXVariantGroup;
			children = (
				07EBF3AE2082E6A600B93EC1 /* Base */,
			);
			name = LaunchScreen.storyboard;
			sourceTree = "<group>";
		};
/* End PBXVariantGroup section */

/* Begin XCBuildConfiguration section */
		07EBF3B12082E6A600B93EC1 /* Debug */ = {
			isa = XCBuildConfiguration;
			buildSettings = {
				ALWAYS_SEARCH_USER_PATHS = NO;
				CLANG_ANALYZER_NONNULL = YES;
				CLANG_ANALYZER_NUMBER_OBJECT_CONVERSION = YES_AGGRESSIVE;
				CLANG_CXX_LANGUAGE_STANDARD = "gnu++14";
				CLANG_CXX_LIBRARY = "libc++";
				CLANG_ENABLE_MODULES = YES;
				CLANG_ENABLE_OBJC_ARC = YES;
				CLANG_ENABLE_OBJC_WEAK = YES;
				CLANG_WARN_BLOCK_CAPTURE_AUTORELEASING = YES;
				CLANG_WARN_BOOL_CONVERSION = YES;
				CLANG_WARN_COMMA = YES;
				CLANG_WARN_CONSTANT_CONVERSION = YES;
				CLANG_WARN_DEPRECATED_OBJC_IMPLEMENTATIONS = YES;
				CLANG_WARN_DIRECT_OBJC_ISA_USAGE = YES_ERROR;
				CLANG_WARN_DOCUMENTATION_COMMENTS = YES;
				CLANG_WARN_EMPTY_BODY = YES;
				CLANG_WARN_ENUM_CONVERSION = YES;
				CLANG_WARN_INFINITE_RECURSION = YES;
				CLANG_WARN_INT_CONVERSION = YES;
				CLANG_WARN_NON_LITERAL_NULL_CONVERSION = YES;
				CLANG_WARN_OBJC_IMPLICIT_RETAIN_SELF = YES;
				CLANG_WARN_OBJC_LITERAL_CONVERSION = YES;
				CLANG_WARN_OBJC_ROOT_CLASS = YES_ERROR;
				CLANG_WARN_RANGE_LOOP_ANALYSIS = YES;
				CLANG_WARN_STRICT_PROTOTYPES = YES;
				CLANG_WARN_SUSPICIOUS_MOVE = YES;
				CLANG_WARN_UNGUARDED_AVAILABILITY = YES_AGGRESSIVE;
				CLANG_WARN_UNREACHABLE_CODE = YES;
				CLANG_WARN__DUPLICATE_METHOD_MATCH = YES;
				CODE_SIGN_IDENTITY = "iPhone Developer";
				COPY_PHASE_STRIP = NO;
				DEBUG_INFORMATION_FORMAT = dwarf;
				ENABLE_STRICT_OBJC_MSGSEND = YES;
				ENABLE_TESTABILITY = YES;
				GCC_C_LANGUAGE_STANDARD = gnu11;
				GCC_DYNAMIC_NO_PIC = NO;
				GCC_NO_COMMON_BLOCKS = YES;
				GCC_OPTIMIZATION_LEVEL = 0;
				GCC_PREPROCESSOR_DEFINITIONS = (
					"DEBUG=1",
					"$(inherited)",
				);
				GCC_WARN_64_TO_32_BIT_CONVERSION = YES;
				GCC_WARN_ABOUT_RETURN_TYPE = YES_ERROR;
				GCC_WARN_UNDECLARED_SELECTOR = YES;
				GCC_WARN_UNINITIALIZED_AUTOS = YES_AGGRESSIVE;
				GCC_WARN_UNUSED_FUNCTION = YES;
				GCC_WARN_UNUSED_VARIABLE = YES;
				IPHONEOS_DEPLOYMENT_TARGET = 11.3;
				MTL_ENABLE_DEBUG_INFO = YES;
				ONLY_ACTIVE_ARCH = YES;
				SDKROOT = iphoneos;
				SWIFT_ACTIVE_COMPILATION_CONDITIONS = DEBUG;
				SWIFT_OPTIMIZATION_LEVEL = "-Onone";
			};
			name = Debug;
		};
		07EBF3B22082E6A600B93EC1 /* Release */ = {
			isa = XCBuildConfiguration;
			buildSettings = {
				ALWAYS_SEARCH_USER_PATHS = NO;
				CLANG_ANALYZER_NONNULL = YES;
				CLANG_ANALYZER_NUMBER_OBJECT_CONVERSION = YES_AGGRESSIVE;
				CLANG_CXX_LANGUAGE_STANDARD = "gnu++14";
				CLANG_CXX_LIBRARY = "libc++";
				CLANG_ENABLE_MODULES = YES;
				CLANG_ENABLE_OBJC_ARC = YES;
				CLANG_ENABLE_OBJC_WEAK = YES;
				CLANG_WARN_BLOCK_CAPTURE_AUTORELEASING = YES;
				CLANG_WARN_BOOL_CONVERSION = YES;
				CLANG_WARN_COMMA = YES;
				CLANG_WARN_CONSTANT_CONVERSION = YES;
				CLANG_WARN_DEPRECATED_OBJC_IMPLEMENTATIONS = YES;
				CLANG_WARN_DIRECT_OBJC_ISA_USAGE = YES_ERROR;
				CLANG_WARN_DOCUMENTATION_COMMENTS = YES;
				CLANG_WARN_EMPTY_BODY = YES;
				CLANG_WARN_ENUM_CONVERSION = YES;
				CLANG_WARN_INFINITE_RECURSION = YES;
				CLANG_WARN_INT_CONVERSION = YES;
				CLANG_WARN_NON_LITERAL_NULL_CONVERSION = YES;
				CLANG_WARN_OBJC_IMPLICIT_RETAIN_SELF = YES;
				CLANG_WARN_OBJC_LITERAL_CONVERSION = YES;
				CLANG_WARN_OBJC_ROOT_CLASS = YES_ERROR;
				CLANG_WARN_RANGE_LOOP_ANALYSIS = YES;
				CLANG_WARN_STRICT_PROTOTYPES = YES;
				CLANG_WARN_SUSPICIOUS_MOVE = YES;
				CLANG_WARN_UNGUARDED_AVAILABILITY = YES_AGGRESSIVE;
				CLANG_WARN_UNREACHABLE_CODE = YES;
				CLANG_WARN__DUPLICATE_METHOD_MATCH = YES;
				CODE_SIGN_IDENTITY = "iPhone Developer";
				COPY_PHASE_STRIP = NO;
				DEBUG_INFORMATION_FORMAT = "dwarf-with-dsym";
				ENABLE_NS_ASSERTIONS = NO;
				ENABLE_STRICT_OBJC_MSGSEND = YES;
				GCC_C_LANGUAGE_STANDARD = gnu11;
				GCC_NO_COMMON_BLOCKS = YES;
				GCC_WARN_64_TO_32_BIT_CONVERSION = YES;
				GCC_WARN_ABOUT_RETURN_TYPE = YES_ERROR;
				GCC_WARN_UNDECLARED_SELECTOR = YES;
				GCC_WARN_UNINITIALIZED_AUTOS = YES_AGGRESSIVE;
				GCC_WARN_UNUSED_FUNCTION = YES;
				GCC_WARN_UNUSED_VARIABLE = YES;
				IPHONEOS_DEPLOYMENT_TARGET = 11.3;
				MTL_ENABLE_DEBUG_INFO = NO;
				SDKROOT = iphoneos;
				SWIFT_COMPILATION_MODE = wholemodule;
				SWIFT_OPTIMIZATION_LEVEL = "-O";
				VALIDATE_PRODUCT = YES;
			};
			name = Release;
		};
		07EBF3B42082E6A600B93EC1 /* Debug */ = {
			isa = XCBuildConfiguration;
			baseConfigurationReference = 47C00095ECF7ADE0BB95A2BF /* Pods-Place Finder.debug.xcconfig */;
			buildSettings = {
				ASSETCATALOG_COMPILER_APPICON_NAME = AppIcon;
				CODE_SIGN_STYLE = Automatic;
				INFOPLIST_FILE = "Place Finder/Supporting Files/Info.plist";
				LD_RUNPATH_SEARCH_PATHS = "$(inherited) @executable_path/Frameworks";
				PRODUCT_BUNDLE_IDENTIFIER = "com-shangfutech-placefinder.Place-Finder";
				PRODUCT_NAME = "$(TARGET_NAME)";
				SWIFT_VERSION = 4.0;
				TARGETED_DEVICE_FAMILY = "1,2";
			};
			name = Debug;
		};
		07EBF3B52082E6A600B93EC1 /* Release */ = {
			isa = XCBuildConfiguration;
			baseConfigurationReference = EE783C65EAA5A4CC5912FFF0 /* Pods-Place Finder.release.xcconfig */;
			buildSettings = {
				ASSETCATALOG_COMPILER_APPICON_NAME = AppIcon;
				CODE_SIGN_STYLE = Automatic;
				INFOPLIST_FILE = "Place Finder/Supporting Files/Info.plist";
				LD_RUNPATH_SEARCH_PATHS = "$(inherited) @executable_path/Frameworks";
				PRODUCT_BUNDLE_IDENTIFIER = "com-shangfutech-placefinder.Place-Finder";
				PRODUCT_NAME = "$(TARGET_NAME)";
				SWIFT_VERSION = 4.0;
				TARGETED_DEVICE_FAMILY = "1,2";
			};
			name = Release;
		};
/* End XCBuildConfiguration section */

/* Begin XCConfigurationList section */
		07EBF39C2082E6A500B93EC1 /* Build configuration list for PBXProject "Place Finder" */ = {
			isa = XCConfigurationList;
			buildConfigurations = (
				07EBF3B12082E6A600B93EC1 /* Debug */,
				07EBF3B22082E6A600B93EC1 /* Release */,
			);
			defaultConfigurationIsVisible = 0;
			defaultConfigurationName = Release;
		};
		07EBF3B32082E6A600B93EC1 /* Build configuration list for PBXNativeTarget "Place Finder" */ = {
			isa = XCConfigurationList;
			buildConfigurations = (
				07EBF3B42082E6A600B93EC1 /* Debug */,
				07EBF3B52082E6A600B93EC1 /* Release */,
			);
			defaultConfigurationIsVisible = 0;
			defaultConfigurationName = Release;
		};
/* End XCConfigurationList section */
	};
	rootObject = 07EBF3992082E6A500B93EC1 /* Project object */;
}
